
Microsoft Visual Studio Solution File, Format Version 12.00
# Visual Studio Version 18
VisualStudioVersion = 18.0.11018.127 d18.0
MinimumVisualStudioVersion = 10.0.40219.1
Project("{2150E333-8FDC-42A3-9474-1A3956D46DE8}") = "Solution Items", "Solution Items", "{F9A843B9-0512-4E5B-AF0C-418E0115191B}"
	ProjectSection(SolutionItems) = preProject
		.editorconfig = .editorconfig
		Directory.Packages.props = Directory.Packages.props
		README.md = README.md
	EndProjectSection
EndProject
Project("{2150E333-8FDC-42A3-9474-1A3956D46DE8}") = "src", "src", "{9AC9227E-20A6-40D0-AC36-3E25EDF527CF}"
EndProject
Project("{FAE04EC0-301F-11D3-BF4B-00C04F79EFBC}") = "CSharpMeetsAI.AppHost", "src\CSharpMeetsAI\CSharpMeetsAI.AppHost\CSharpMeetsAI.AppHost.csproj", "{A38AA71A-5C17-4D78-A68A-D0D3CF8A0ABC}"
EndProject
Project("{FAE04EC0-301F-11D3-BF4B-00C04F79EFBC}") = "CSharpMeetsAI.ServiceDefaults", "src\CSharpMeetsAI\CSharpMeetsAI.ServiceDefaults\CSharpMeetsAI.ServiceDefaults.csproj", "{CE3606B0-8EB7-EA97-DB40-28787F63E5AF}"
EndProject
Project("{FAE04EC0-301F-11D3-BF4B-00C04F79EFBC}") = "CSharpMeetsAI.Api", "src\CSharpMeetsAI.Api\CSharpMeetsAI.Api.csproj", "{F9BF1019-D014-0028-6AA1-C4C2DED14654}"
EndProject
Global
	GlobalSection(SolutionConfigurationPlatforms) = preSolution
		Debug|Any CPU = Debug|Any CPU
		Release|Any CPU = Release|Any CPU
	EndGlobalSection
	GlobalSection(ProjectConfigurationPlatforms) = postSolution
		{A38AA71A-5C17-4D78-A68A-D0D3CF8A0ABC}.Debug|Any CPU.ActiveCfg = Debug|Any CPU
		{A38AA71A-5C17-4D78-A68A-D0D3CF8A0ABC}.Debug|Any CPU.Build.0 = Debug|Any CPU
		{A38AA71A-5C17-4D78-A68A-D0D3CF8A0ABC}.Release|Any CPU.ActiveCfg = Release|Any CPU
		{A38AA71A-5C17-4D78-A68A-D0D3CF8A0ABC}.Release|Any CPU.Build.0 = Release|Any CPU
		{CE3606B0-8EB7-EA97-DB40-28787F63E5AF}.Debug|Any CPU.ActiveCfg = Debug|Any CPU
		{CE3606B0-8EB7-EA97-DB40-28787F63E5AF}.Debug|Any CPU.Build.0 = Debug|Any CPU
		{CE3606B0-8EB7-EA97-DB40-28787F63E5AF}.Release|Any CPU.ActiveCfg = Release|Any CPU
		{CE3606B0-8EB7-EA97-DB40-28787F63E5AF}.Release|Any CPU.Build.0 = Release|Any CPU
		{F9BF1019-D014-0028-6AA1-C4C2DED14654}.Debug|Any CPU.ActiveCfg = Debug|Any CPU
		{F9BF1019-D014-0028-6AA1-C4C2DED14654}.Debug|Any CPU.Build.0 = Debug|Any CPU
		{F9BF1019-D014-0028-6AA1-C4C2DED14654}.Release|Any CPU.ActiveCfg = Release|Any CPU
		{F9BF1019-D014-0028-6AA1-C4C2DED14654}.Release|Any CPU.Build.0 = Release|Any CPU
	EndGlobalSection
	GlobalSection(SolutionProperties) = preSolution
		HideSolutionNode = FALSE
	EndGlobalSection
	GlobalSection(NestedProjects) = preSolution
		{A38AA71A-5C17-4D78-A68A-D0D3CF8A0ABC} = {9AC9227E-20A6-40D0-AC36-3E25EDF527CF}
		{CE3606B0-8EB7-EA97-DB40-28787F63E5AF} = {9AC9227E-20A6-40D0-AC36-3E25EDF527CF}
		{F9BF1019-D014-0028-6AA1-C4C2DED14654} = {9AC9227E-20A6-40D0-AC36-3E25EDF527CF}
	EndGlobalSection
	GlobalSection(ExtensibilityGlobals) = postSolution
		SolutionGuid = {FB2A1A16-F92E-4492-A147-898D5E582FD1}
	EndGlobalSection
EndGlobal
